PODS:
  - Flurry-iOS-SDK/FlurryAds (7.8.2):
    - Flurry-iOS-SDK/FlurrySDK
  - Flurry-iOS-SDK/FlurrySDK (7.8.2)

DEPENDENCIES:
  - Flurry-iOS-SDK/FlurryAds
  - Flurry-iOS-SDK/FlurrySDK

SPEC CHECKSUMS:
  Flurry-iOS-SDK: 8ed76252016d0162a893363c108a010ab97d424c

PODFILE CHECKSUM: e19859a1d32a80a5f22b78f7a77d20f72c24c97d

COCOAPODS: 1.1.1
